
Microsoft Visual Studio Solution File, Format Version 12.00
# Visual Studio 15
Project("{FAE04EC0-301F-11D3-BF4B-00C04F79EFBC}") = "Assembly-CSharp", "Assembly-CSharp.csproj", "{A56948A2-869F-A28C-9E76-ADDB222F037A}"
EndProject
Project("{FAE04EC0-301F-11D3-BF4B-00C04F79EFBC}") = "Assembly-CSharp-Editor", "Assembly-CSharp-Editor.csproj", "{34F6EB09-3885-752F-59EF-DDE4CB924C07}"
EndProject
Global
	GlobalSection(SolutionConfigurationPlatforms) = preSolution
		Debug|Any CPU = Debug|Any CPU
		Release|Any CPU = Release|Any CPU
	EndGlobalSection
	GlobalSection(ProjectConfigurationPlatforms) = postSolution
		{A56948A2-869F-A28C-9E76-ADDB222F037A}.Debug|Any CPU.ActiveCfg = Debug|Any CPU
		{A56948A2-869F-A28C-9E76-ADDB222F037A}.Debug|Any CPU.Build.0 = Debug|Any CPU
		{A56948A2-869F-A28C-9E76-ADDB222F037A}.Release|Any CPU.ActiveCfg = Release|Any CPU
		{A56948A2-869F-A28C-9E76-ADDB222F037A}.Release|Any CPU.Build.0 = Release|Any CPU
		{34F6EB09-3885-752F-59EF-DDE4CB924C07}.Debug|Any CPU.ActiveCfg = Debug|Any CPU
		{34F6EB09-3885-752F-59EF-DDE4CB924C07}.Debug|Any CPU.Build.0 = Debug|Any CPU
		{34F6EB09-3885-752F-59EF-DDE4CB924C07}.Release|Any CPU.ActiveCfg = Release|Any CPU
		{34F6EB09-3885-752F-59EF-DDE4CB924C07}.Release|Any CPU.Build.0 = Release|Any CPU
	EndGlobalSection
	GlobalSection(SolutionProperties) = preSolution
		HideSolutionNode = FALSE
	EndGlobalSection
EndGlobal
