
Microsoft Visual Studio Solution File, Format Version 12.00
# Visual Studio 15
Project("{FAE04EC0-301F-11D3-BF4B-00C04F79EFBC}") = "Assembly-CSharp", "Assembly-CSharp.csproj", "{B4224E43-B10A-CA4A-6B60-6D511B360174}"
EndProject
Project("{FAE04EC0-301F-11D3-BF4B-00C04F79EFBC}") = "Assembly-CSharp-Editor", "Assembly-CSharp-Editor.csproj", "{88D4D58A-D93A-AB7D-9E65-891AA9CC4816}"
EndProject
Global
	GlobalSection(SolutionConfigurationPlatforms) = preSolution
		Debug|Any CPU = Debug|Any CPU
		Release|Any CPU = Release|Any CPU
	EndGlobalSection
	GlobalSection(ProjectConfigurationPlatforms) = postSolution
		{B4224E43-B10A-CA4A-6B60-6D511B360174}.Debug|Any CPU.ActiveCfg = Debug|Any CPU
		{B4224E43-B10A-CA4A-6B60-6D511B360174}.Debug|Any CPU.Build.0 = Debug|Any CPU
		{B4224E43-B10A-CA4A-6B60-6D511B360174}.Release|Any CPU.ActiveCfg = Release|Any CPU
		{B4224E43-B10A-CA4A-6B60-6D511B360174}.Release|Any CPU.Build.0 = Release|Any CPU
		{88D4D58A-D93A-AB7D-9E65-891AA9CC4816}.Debug|Any CPU.ActiveCfg = Debug|Any CPU
		{88D4D58A-D93A-AB7D-9E65-891AA9CC4816}.Debug|Any CPU.Build.0 = Debug|Any CPU
		{88D4D58A-D93A-AB7D-9E65-891AA9CC4816}.Release|Any CPU.ActiveCfg = Release|Any CPU
		{88D4D58A-D93A-AB7D-9E65-891AA9CC4816}.Release|Any CPU.Build.0 = Release|Any CPU
	EndGlobalSection
	GlobalSection(SolutionProperties) = preSolution
		HideSolutionNode = FALSE
	EndGlobalSection
EndGlobal
